// !$*UTF8*$!
{
	archiveVersion = 1;
	classes = {
	};
	objectVersion = 55;
	objects = {

/* Begin PBXBuildFile section */
		29BB6B1C27D0FEDA00B19518 /* AppDelegate.swift in Sources */ = {isa = PBXBuildFile; fileRef = 29BB6B1B27D0FEDA00B19518 /* AppDelegate.swift */; };
		29BB6B1E27D0FEDA00B19518 /* SceneDelegate.swift in Sources */ = {isa = PBXBuildFile; fileRef = 29BB6B1D27D0FEDA00B19518 /* SceneDelegate.swift */; };
		29BB6B2027D0FEDA00B19518 /* MainTabBarViewController.swift in Sources */ = {isa = PBXBuildFile; fileRef = 29BB6B1F27D0FEDA00B19518 /* MainTabBarViewController.swift */; };
		29BB6B2527D0FEDB00B19518 /* Assets.xcassets in Resources */ = {isa = PBXBuildFile; fileRef = 29BB6B2427D0FEDB00B19518 /* Assets.xcassets */; };
		29BB6B2827D0FEDB00B19518 /* LaunchScreen.storyboard in Resources */ = {isa = PBXBuildFile; fileRef = 29BB6B2627D0FEDB00B19518 /* LaunchScreen.storyboard */; };
		29BB6B3127D1260100B19518 /* HomeViewController.swift in Sources */ = {isa = PBXBuildFile; fileRef = 29BB6B3027D1260100B19518 /* HomeViewController.swift */; };
		29BB6B3327D1264200B19518 /* UpcomingViewController.swift in Sources */ = {isa = PBXBuildFile; fileRef = 29BB6B3227D1264200B19518 /* UpcomingViewController.swift */; };
		29BB6B3527D1267C00B19518 /* SearchViewController.swift in Sources */ = {isa = PBXBuildFile; fileRef = 29BB6B3427D1267C00B19518 /* SearchViewController.swift */; };
		29BB6B3727D126CD00B19518 /* DownloadsViewController.swift in Sources */ = {isa = PBXBuildFile; fileRef = 29BB6B3627D126CD00B19518 /* DownloadsViewController.swift */; };
		29BB6B3E27D1341700B19518 /* CollectionViewTableViewCell.swift in Sources */ = {isa = PBXBuildFile; fileRef = 29BB6B3D27D1341700B19518 /* CollectionViewTableViewCell.swift */; };
		29D7340427F3569B00C4F2C3 /* HeroHeaderUIView.swift in Sources */ = {isa = PBXBuildFile; fileRef = 29D7340327F3569B00C4F2C3 /* HeroHeaderUIView.swift */; };
		29DDFB02280EDBC600EDE2B7 /* APICaller.swift in Sources */ = {isa = PBXBuildFile; fileRef = 29DDFB01280EDBC600EDE2B7 /* APICaller.swift */; };
		29DDFB04280EE39400EDE2B7 /* Movie.swift in Sources */ = {isa = PBXBuildFile; fileRef = 29DDFB03280EE39400EDE2B7 /* Movie.swift */; };
		29DDFB06280EEB7000EDE2B7 /* Extensions.swift in Sources */ = {isa = PBXBuildFile; fileRef = 29DDFB05280EEB7000EDE2B7 /* Extensions.swift */; };
/* End PBXBuildFile section */

/* Begin PBXFileReference section */
		29BB6B1827D0FEDA00B19518 /* Netflix Clone.app */ = {isa = PBXFileReference; explicitFileType = wrapper.application; includeInIndex = 0; path = "Netflix Clone.app"; sourceTree = BUILT_PRODUCTS_DIR; };
		29BB6B1B27D0FEDA00B19518 /* AppDelegate.swift */ = {isa = PBXFileReference; lastKnownFileType = sourcecode.swift; path = AppDelegate.swift; sourceTree = "<group>"; };
		29BB6B1D27D0FEDA00B19518 /* SceneDelegate.swift */ = {isa = PBXFileReference; lastKnownFileType = sourcecode.swift; path = SceneDelegate.swift; sourceTree = "<group>"; };
		29BB6B1F27D0FEDA00B19518 /* MainTabBarViewController.swift */ = {isa = PBXFileReference; lastKnownFileType = sourcecode.swift; path = MainTabBarViewController.swift; sourceTree = "<group>"; };
		29BB6B2427D0FEDB00B19518 /* Assets.xcassets */ = {isa = PBXFileReference; lastKnownFileType = folder.assetcatalog; name = Assets.xcassets; path = "Netflix Clone/Assets.xcassets"; sourceTree = SOURCE_ROOT; };
		29BB6B2727D0FEDB00B19518 /* Base */ = {isa = PBXFileReference; lastKnownFileType = file.storyboard; name = Base; path = Base.lproj/LaunchScreen.storyboard; sourceTree = "<group>"; };
		29BB6B2927D0FEDB00B19518 /* Info.plist */ = {isa = PBXFileReference; lastKnownFileType = text.plist.xml; path = Info.plist; sourceTree = "<group>"; };
		29BB6B3027D1260100B19518 /* HomeViewController.swift */ = {isa = PBXFileReference; lastKnownFileType = sourcecode.swift; path = HomeViewController.swift; sourceTree = "<group>"; };
		29BB6B3227D1264200B19518 /* UpcomingViewController.swift */ = {isa = PBXFileReference; lastKnownFileType = sourcecode.swift; path = UpcomingViewController.swift; sourceTree = "<group>"; };
		29BB6B3427D1267C00B19518 /* SearchViewController.swift */ = {isa = PBXFileReference; lastKnownFileType = sourcecode.swift; path = SearchViewController.swift; sourceTree = "<group>"; };
		29BB6B3627D126CD00B19518 /* DownloadsViewController.swift */ = {isa = PBXFileReference; lastKnownFileType = sourcecode.swift; path = DownloadsViewController.swift; sourceTree = "<group>"; };
		29BB6B3D27D1341700B19518 /* CollectionViewTableViewCell.swift */ = {isa = PBXFileReference; lastKnownFileType = sourcecode.swift; path = CollectionViewTableViewCell.swift; sourceTree = "<group>"; };
		29D7340327F3569B00C4F2C3 /* HeroHeaderUIView.swift */ = {isa = PBXFileReference; lastKnownFileType = sourcecode.swift; path = HeroHeaderUIView.swift; sourceTree = "<group>"; };
		29DDFB01280EDBC600EDE2B7 /* APICaller.swift */ = {isa = PBXFileReference; lastKnownFileType = sourcecode.swift; path = APICaller.swift; sourceTree = "<group>"; };
		29DDFB03280EE39400EDE2B7 /* Movie.swift */ = {isa = PBXFileReference; lastKnownFileType = sourcecode.swift; path = Movie.swift; sourceTree = "<group>"; };
		29DDFB05280EEB7000EDE2B7 /* Extensions.swift */ = {isa = PBXFileReference; lastKnownFileType = sourcecode.swift; path = Extensions.swift; sourceTree = "<group>"; };
/* End PBXFileReference section */

/* Begin PBXFrameworksBuildPhase section */
		29BB6B1527D0FEDA00B19518 /* Frameworks */ = {
			isa = PBXFrameworksBuildPhase;
			buildActionMask = 2147483647;
			files = (
			);
			runOnlyForDeploymentPostprocessing = 0;
		};
/* End PBXFrameworksBuildPhase section */

/* Begin PBXGroup section */
		29BB6B0F27D0FEDA00B19518 = {
			isa = PBXGroup;
			children = (
				29BB6B1A27D0FEDA00B19518 /* Netflix Clone */,
				29BB6B1927D0FEDA00B19518 /* Products */,
			);
			sourceTree = "<group>";
		};
		29BB6B1927D0FEDA00B19518 /* Products */ = {
			isa = PBXGroup;
			children = (
				29BB6B1827D0FEDA00B19518 /* Netflix Clone.app */,
			);
			name = Products;
			sourceTree = "<group>";
		};
		29BB6B1A27D0FEDA00B19518 /* Netflix Clone */ = {
			isa = PBXGroup;
			children = (
				29BB6B3C27D1338B00B19518 /* Menagers */,
				29BB6B3B27D1337300B19518 /* Resources */,
				29BB6B3A27D1332B00B19518 /* Models */,
				29BB6B3827D1330300B19518 /* Views */,
				29BB6B3927D1331500B19518 /* ViewModels */,
				29BB6B2F27D125D300B19518 /* Controllers */,
				29BB6B1B27D0FEDA00B19518 /* AppDelegate.swift */,
				29BB6B1D27D0FEDA00B19518 /* SceneDelegate.swift */,
				29BB6B1F27D0FEDA00B19518 /* MainTabBarViewController.swift */,
				29BB6B2427D0FEDB00B19518 /* Assets.xcassets */,
				29BB6B2627D0FEDB00B19518 /* LaunchScreen.storyboard */,
				29BB6B2927D0FEDB00B19518 /* Info.plist */,
			);
			path = "Netflix Clone";
			sourceTree = "<group>";
		};
		29BB6B2F27D125D300B19518 /* Controllers */ = {
			isa = PBXGroup;
			children = (
				29BB6B3027D1260100B19518 /* HomeViewController.swift */,
				29BB6B3227D1264200B19518 /* UpcomingViewController.swift */,
				29BB6B3427D1267C00B19518 /* SearchViewController.swift */,
				29BB6B3627D126CD00B19518 /* DownloadsViewController.swift */,
			);
			path = Controllers;
			sourceTree = "<group>";
		};
		29BB6B3827D1330300B19518 /* Views */ = {
			isa = PBXGroup;
			children = (
				29BB6B3D27D1341700B19518 /* CollectionViewTableViewCell.swift */,
				29D7340327F3569B00C4F2C3 /* HeroHeaderUIView.swift */,
			);
			path = Views;
			sourceTree = "<group>";
		};
		29BB6B3927D1331500B19518 /* ViewModels */ = {
			isa = PBXGroup;
			children = (
			);
			path = ViewModels;
			sourceTree = "<group>";
		};
		29BB6B3A27D1332B00B19518 /* Models */ = {
			isa = PBXGroup;
			children = (
				29DDFB03280EE39400EDE2B7 /* Movie.swift */,
			);
			path = Models;
			sourceTree = "<group>";
		};
		29BB6B3B27D1337300B19518 /* Resources */ = {
			isa = PBXGroup;
			children = (
				29DDFB05280EEB7000EDE2B7 /* Extensions.swift */,
			);
			path = Resources;
			sourceTree = "<group>";
		};
		29BB6B3C27D1338B00B19518 /* Menagers */ = {
			isa = PBXGroup;
			children = (
				29DDFB01280EDBC600EDE2B7 /* APICaller.swift */,
			);
			path = Menagers;
			sourceTree = "<group>";
		};
/* End PBXGroup section */

/* Begin PBXNativeTarget section */
		29BB6B1727D0FEDA00B19518 /* Netflix Clone */ = {
			isa = PBXNativeTarget;
			buildConfigurationList = 29BB6B2C27D0FEDB00B19518 /* Build configuration list for PBXNativeTarget "Netflix Clone" */;
			buildPhases = (
				29BB6B1427D0FEDA00B19518 /* Sources */,
				29BB6B1527D0FEDA00B19518 /* Frameworks */,
				29BB6B1627D0FEDA00B19518 /* Resources */,
			);
			buildRules = (
			);
			dependencies = (
			);
			name = "Netflix Clone";
			productName = "Netflix Clone";
			productReference = 29BB6B1827D0FEDA00B19518 /* Netflix Clone.app */;
			productType = "com.apple.product-type.application";
		};
/* End PBXNativeTarget section */

/* Begin PBXProject section */
		29BB6B1027D0FEDA00B19518 /* Project object */ = {
			isa = PBXProject;
			attributes = {
				BuildIndependentTargetsInParallel = 1;
				LastSwiftUpdateCheck = 1320;
				LastUpgradeCheck = 1320;
				TargetAttributes = {
					29BB6B1727D0FEDA00B19518 = {
						CreatedOnToolsVersion = 13.2.1;
					};
				};
			};
			buildConfigurationList = 29BB6B1327D0FEDA00B19518 /* Build configuration list for PBXProject "Netflix Clone" */;
			compatibilityVersion = "Xcode 13.0";
			developmentRegion = en;
			hasScannedForEncodings = 0;
			knownRegions = (
				en,
				Base,
			);
			mainGroup = 29BB6B0F27D0FEDA00B19518;
			productRefGroup = 29BB6B1927D0FEDA00B19518 /* Products */;
			projectDirPath = "";
			projectRoot = "";
			targets = (
				29BB6B1727D0FEDA00B19518 /* Netflix Clone */,
			);
		};
/* End PBXProject section */

/* Begin PBXResourcesBuildPhase section */
		29BB6B1627D0FEDA00B19518 /* Resources */ = {
			isa = PBXResourcesBuildPhase;
			buildActionMask = 2147483647;
			files = (
				29BB6B2827D0FEDB00B19518 /* LaunchScreen.storyboard in Resources */,
				29BB6B2527D0FEDB00B19518 /* Assets.xcassets in Resources */,
			);
			runOnlyForDeploymentPostprocessing = 0;
		};
/* End PBXResourcesBuildPhase section */

/* Begin PBXSourcesBuildPhase section */
		29BB6B1427D0FEDA00B19518 /* Sources */ = {
			isa = PBXSourcesBuildPhase;
			buildActionMask = 2147483647;
			files = (
				29BB6B3527D1267C00B19518 /* SearchViewController.swift in Sources */,
				29BB6B2027D0FEDA00B19518 /* MainTabBarViewController.swift in Sources */,
				29BB6B3E27D1341700B19518 /* CollectionViewTableViewCell.swift in Sources */,
				29DDFB02280EDBC600EDE2B7 /* APICaller.swift in Sources */,
				29D7340427F3569B00C4F2C3 /* HeroHeaderUIView.swift in Sources */,
				29BB6B3727D126CD00B19518 /* DownloadsViewController.swift in Sources */,
				29BB6B1C27D0FEDA00B19518 /* AppDelegate.swift in Sources */,
				29DDFB06280EEB7000EDE2B7 /* Extensions.swift in Sources */,
				29BB6B1E27D0FEDA00B19518 /* SceneDelegate.swift in Sources */,
				29BB6B3327D1264200B19518 /* UpcomingViewController.swift in Sources */,
				29DDFB04280EE39400EDE2B7 /* Movie.swift in Sources */,
				29BB6B3127D1260100B19518 /* HomeViewController.swift in Sources */,
			);
			runOnlyForDeploymentPostprocessing = 0;
		};
/* End PBXSourcesBuildPhase section */

/* Begin PBXVariantGroup section */
		29BB6B2627D0FEDB00B19518 /* LaunchScreen.storyboard */ = {
			isa = PBXVariantGroup;
			children = (
				29BB6B2727D0FEDB00B19518 /* Base */,
			);
			name = LaunchScreen.storyboard;
			sourceTree = "<group>";
		};
/* End PBXVariantGroup section */

/* Begin XCBuildConfiguration section */
		29BB6B2A27D0FEDB00B19518 /* Debug */ = {
			isa = XCBuildConfiguration;
			buildSettings = {
				ALWAYS_SEARCH_USER_PATHS = NO;
				CLANG_ANALYZER_NONNULL = YES;
				CLANG_ANALYZER_NUMBER_OBJECT_CONVERSION = YES_AGGRESSIVE;
				CLANG_CXX_LANGUAGE_STANDARD = "gnu++17";
				CLANG_CXX_LIBRARY = "libc++";
				CLANG_ENABLE_MODULES = YES;
				CLANG_ENABLE_OBJC_ARC = YES;
				CLANG_ENABLE_OBJC_WEAK = YES;
				CLANG_WARN_BLOCK_CAPTURE_AUTORELEASING = YES;
				CLANG_WARN_BOOL_CONVERSION = YES;
				CLANG_WARN_COMMA = YES;
				CLANG_WARN_CONSTANT_CONVERSION = YES;
				CLANG_WARN_DEPRECATED_OBJC_IMPLEMENTATIONS = YES;
				CLANG_WARN_DIRECT_OBJC_ISA_USAGE = YES_ERROR;
				CLANG_WARN_DOCUMENTATION_COMMENTS = YES;
				CLANG_WARN_EMPTY_BODY = YES;
				CLANG_WARN_ENUM_CONVERSION = YES;
				CLANG_WARN_INFINITE_RECURSION = YES;
				CLANG_WARN_INT_CONVERSION = YES;
				CLANG_WARN_NON_LITERAL_NULL_CONVERSION = YES;
				CLANG_WARN_OBJC_IMPLICIT_RETAIN_SELF = YES;
				CLANG_WARN_OBJC_LITERAL_CONVERSION = YES;
				CLANG_WARN_OBJC_ROOT_CLASS = YES_ERROR;
				CLANG_WARN_QUOTED_INCLUDE_IN_FRAMEWORK_HEADER = YES;
				CLANG_WARN_RANGE_LOOP_ANALYSIS = YES;
				CLANG_WARN_STRICT_PROTOTYPES = YES;
				CLANG_WARN_SUSPICIOUS_MOVE = YES;
				CLANG_WARN_UNGUARDED_AVAILABILITY = YES_AGGRESSIVE;
				CLANG_WARN_UNREACHABLE_CODE = YES;
				CLANG_WARN__DUPLICATE_METHOD_MATCH = YES;
				COPY_PHASE_STRIP = NO;
				DEBUG_INFORMATION_FORMAT = dwarf;
				ENABLE_STRICT_OBJC_MSGSEND = YES;
				ENABLE_TESTABILITY = YES;
				GCC_C_LANGUAGE_STANDARD = gnu11;
				GCC_DYNAMIC_NO_PIC = NO;
				GCC_NO_COMMON_BLOCKS = YES;
				GCC_OPTIMIZATION_LEVEL = 0;
				GCC_PREPROCESSOR_DEFINITIONS = (
					"DEBUG=1",
					"$(inherited)",
				);
				GCC_WARN_64_TO_32_BIT_CONVERSION = YES;
				GCC_WARN_ABOUT_RETURN_TYPE = YES_ERROR;
				GCC_WARN_UNDECLARED_SELECTOR = YES;
				GCC_WARN_UNINITIALIZED_AUTOS = YES_AGGRESSIVE;
				GCC_WARN_UNUSED_FUNCTION = YES;
				GCC_WARN_UNUSED_VARIABLE = YES;
				IPHONEOS_DEPLOYMENT_TARGET = 15.2;
				MTL_ENABLE_DEBUG_INFO = INCLUDE_SOURCE;
				MTL_FAST_MATH = YES;
				ONLY_ACTIVE_ARCH = YES;
				SDKROOT = iphoneos;
				SWIFT_ACTIVE_COMPILATION_CONDITIONS = DEBUG;
				SWIFT_OPTIMIZATION_LEVEL = "-Onone";
			};
			name = Debug;
		};
		29BB6B2B27D0FEDB00B19518 /* Release */ = {
			isa = XCBuildConfiguration;
			buildSettings = {
				ALWAYS_SEARCH_USER_PATHS = NO;
				CLANG_ANALYZER_NONNULL = YES;
				CLANG_ANALYZER_NUMBER_OBJECT_CONVERSION = YES_AGGRESSIVE;
				CLANG_CXX_LANGUAGE_STANDARD = "gnu++17";
				CLANG_CXX_LIBRARY = "libc++";
				CLANG_ENABLE_MODULES = YES;
				CLANG_ENABLE_OBJC_ARC = YES;
				CLANG_ENABLE_OBJC_WEAK = YES;
				CLANG_WARN_BLOCK_CAPTURE_AUTORELEASING = YES;
				CLANG_WARN_BOOL_CONVERSION = YES;
				CLANG_WARN_COMMA = YES;
				CLANG_WARN_CONSTANT_CONVERSION = YES;
				CLANG_WARN_DEPRECATED_OBJC_IMPLEMENTATIONS = YES;
				CLANG_WARN_DIRECT_OBJC_ISA_USAGE = YES_ERROR;
				CLANG_WARN_DOCUMENTATION_COMMENTS = YES;
				CLANG_WARN_EMPTY_BODY = YES;
				CLANG_WARN_ENUM_CONVERSION = YES;
				CLANG_WARN_INFINITE_RECURSION = YES;
				CLANG_WARN_INT_CONVERSION = YES;
				CLANG_WARN_NON_LITERAL_NULL_CONVERSION = YES;
				CLANG_WARN_OBJC_IMPLICIT_RETAIN_SELF = YES;
				CLANG_WARN_OBJC_LITERAL_CONVERSION = YES;
				CLANG_WARN_OBJC_ROOT_CLASS = YES_ERROR;
				CLANG_WARN_QUOTED_INCLUDE_IN_FRAMEWORK_HEADER = YES;
				CLANG_WARN_RANGE_LOOP_ANALYSIS = YES;
				CLANG_WARN_STRICT_PROTOTYPES = YES;
				CLANG_WARN_SUSPICIOUS_MOVE = YES;
				CLANG_WARN_UNGUARDED_AVAILABILITY = YES_AGGRESSIVE;
				CLANG_WARN_UNREACHABLE_CODE = YES;
				CLANG_WARN__DUPLICATE_METHOD_MATCH = YES;
				COPY_PHASE_STRIP = NO;
				DEBUG_INFORMATION_FORMAT = "dwarf-with-dsym";
				ENABLE_NS_ASSERTIONS = NO;
				ENABLE_STRICT_OBJC_MSGSEND = YES;
				GCC_C_LANGUAGE_STANDARD = gnu11;
				GCC_NO_COMMON_BLOCKS = YES;
				GCC_WARN_64_TO_32_BIT_CONVERSION = YES;
				GCC_WARN_ABOUT_RETURN_TYPE = YES_ERROR;
				GCC_WARN_UNDECLARED_SELECTOR = YES;
				GCC_WARN_UNINITIALIZED_AUTOS = YES_AGGRESSIVE;
				GCC_WARN_UNUSED_FUNCTION = YES;
				GCC_WARN_UNUSED_VARIABLE = YES;
				IPHONEOS_DEPLOYMENT_TARGET = 15.2;
				MTL_ENABLE_DEBUG_INFO = NO;
				MTL_FAST_MATH = YES;
				SDKROOT = iphoneos;
				SWIFT_COMPILATION_MODE = wholemodule;
				SWIFT_OPTIMIZATION_LEVEL = "-O";
				VALIDATE_PRODUCT = YES;
			};
			name = Release;
		};
		29BB6B2D27D0FEDB00B19518 /* Debug */ = {
			isa = XCBuildConfiguration;
			buildSettings = {
				ASSETCATALOG_COMPILER_APPICON_NAME = AppIcon;
				ASSETCATALOG_COMPILER_GLOBAL_ACCENT_COLOR_NAME = AccentColor;
				ASSETCATALOG_COMPILER_INCLUDE_ALL_APPICON_ASSETS = YES;
				CODE_SIGN_STYLE = Automatic;
				CURRENT_PROJECT_VERSION = 1;
				GENERATE_INFOPLIST_FILE = YES;
				INFOPLIST_FILE = "Netflix Clone/Info.plist";
				INFOPLIST_KEY_UIApplicationSupportsIndirectInputEvents = YES;
				INFOPLIST_KEY_UILaunchStoryboardName = LaunchScreen;
				INFOPLIST_KEY_UISupportedInterfaceOrientations_iPad = "UIInterfaceOrientationPortrait UIInterfaceOrientationPortraitUpsideDown UIInterfaceOrientationLandscapeLeft UIInterfaceOrientationLandscapeRight";
				INFOPLIST_KEY_UISupportedInterfaceOrientations_iPhone = "UIInterfaceOrientationPortrait UIInterfaceOrientationLandscapeLeft UIInterfaceOrientationLandscapeRight";
				LD_RUNPATH_SEARCH_PATHS = (
					"$(inherited)",
					"@executable_path/Frameworks",
				);
				MARKETING_VERSION = 1.0;
				PRODUCT_BUNDLE_IDENTIFIER = "com.eliel.Netflix-Clone";
				PRODUCT_NAME = "$(TARGET_NAME)";
				SWIFT_EMIT_LOC_STRINGS = YES;
				SWIFT_VERSION = 5.0;
				TARGETED_DEVICE_FAMILY = 1;
			};
			name = Debug;
		};
		29BB6B2E27D0FEDB00B19518 /* Release */ = {
			isa = XCBuildConfiguration;
			buildSettings = {
				ASSETCATALOG_COMPILER_APPICON_NAME = AppIcon;
				ASSETCATALOG_COMPILER_GLOBAL_ACCENT_COLOR_NAME = AccentColor;
				ASSETCATALOG_COMPILER_INCLUDE_ALL_APPICON_ASSETS = YES;
				CODE_SIGN_STYLE = Automatic;
				CURRENT_PROJECT_VERSION = 1;
				GENERATE_INFOPLIST_FILE = YES;
				INFOPLIST_FILE = "Netflix Clone/Info.plist";
				INFOPLIST_KEY_UIApplicationSupportsIndirectInputEvents = YES;
				INFOPLIST_KEY_UILaunchStoryboardName = LaunchScreen;
				INFOPLIST_KEY_UISupportedInterfaceOrientations_iPad = "UIInterfaceOrientationPortrait UIInterfaceOrientationPortraitUpsideDown UIInterfaceOrientationLandscapeLeft UIInterfaceOrientationLandscapeRight";
				INFOPLIST_KEY_UISupportedInterfaceOrientations_iPhone = "UIInterfaceOrientationPortrait UIInterfaceOrientationLandscapeLeft UIInterfaceOrientationLandscapeRight";
				LD_RUNPATH_SEARCH_PATHS = (
					"$(inherited)",
					"@executable_path/Frameworks",
				);
				MARKETING_VERSION = 1.0;
				PRODUCT_BUNDLE_IDENTIFIER = "com.eliel.Netflix-Clone";
				PRODUCT_NAME = "$(TARGET_NAME)";
				SWIFT_EMIT_LOC_STRINGS = YES;
				SWIFT_VERSION = 5.0;
				TARGETED_DEVICE_FAMILY = 1;
			};
			name = Release;
		};
/* End XCBuildConfiguration section */

/* Begin XCConfigurationList section */
		29BB6B1327D0FEDA00B19518 /* Build configuration list for PBXProject "Netflix Clone" */ = {
			isa = XCConfigurationList;
			buildConfigurations = (
				29BB6B2A27D0FEDB00B19518 /* Debug */,
				29BB6B2B27D0FEDB00B19518 /* Release */,
			);
			defaultConfigurationIsVisible = 0;
			defaultConfigurationName = Release;
		};
		29BB6B2C27D0FEDB00B19518 /* Build configuration list for PBXNativeTarget "Netflix Clone" */ = {
			isa = XCConfigurationList;
			buildConfigurations = (
				29BB6B2D27D0FEDB00B19518 /* Debug */,
				29BB6B2E27D0FEDB00B19518 /* Release */,
			);
			defaultConfigurationIsVisible = 0;
			defaultConfigurationName = Release;
		};
/* End XCConfigurationList section */
	};
	rootObject = 29BB6B1027D0FEDA00B19518 /* Project object */;
}
